
Microsoft Visual Studio Solution File, Format Version 12.00
# Visual Studio Version 17
VisualStudioVersion = 17.8.34511.84
MinimumVisualStudioVersion = 10.0.40219.1
Project("{FAE04EC0-301F-11D3-BF4B-00C04F79EFBC}") = "PosudaAPI", "PosudaAPI\PosudaAPI.csproj", "{E61717FA-9656-48E4-93BA-8B9718D6A439}"
EndProject
Global
	GlobalSection(SolutionConfigurationPlatforms) = preSolution
		Debug|Any CPU = Debug|Any CPU
		Release|Any CPU = Release|Any CPU
	EndGlobalSection
	GlobalSection(ProjectConfigurationPlatforms) = postSolution
		{E61717FA-9656-48E4-93BA-8B9718D6A439}.Debug|Any CPU.ActiveCfg = Debug|Any CPU
		{E61717FA-9656-48E4-93BA-8B9718D6A439}.Debug|Any CPU.Build.0 = Debug|Any CPU
		{E61717FA-9656-48E4-93BA-8B9718D6A439}.Release|Any CPU.ActiveCfg = Release|Any CPU
		{E61717FA-9656-48E4-93BA-8B9718D6A439}.Release|Any CPU.Build.0 = Release|Any CPU
	EndGlobalSection
	GlobalSection(SolutionProperties) = preSolution
		HideSolutionNode = FALSE
	EndGlobalSection
	GlobalSection(ExtensibilityGlobals) = postSolution
		SolutionGuid = {D63AB457-58A4-4CCC-A9DF-9462B0D37AF4}
	EndGlobalSection
EndGlobal
